
Microsoft Visual Studio Solution File, Format Version 12.00
# Visual Studio Version 17
VisualStudioVersion = 17.1.32319.34
MinimumVisualStudioVersion = 10.0.40219.1
Project("{9A19103F-16F7-4668-BE54-9A1E7A4F7556}") = "PRN_SE1629_PRO", "PRN_SE1629_PRO\PRN_SE1629_PRO.csproj", "{5443E803-9907-4A1E-8CA5-DA59665F4398}"
EndProject
Project("{9A19103F-16F7-4668-BE54-9A1E7A4F7556}") = "PRN_SE1629_OOP", "PRN_SE1629_OOP\PRN_SE1629_OOP.csproj", "{E9DFD44B-AABC-4633-A045-3073A02B4A00}"
EndProject
Project("{9A19103F-16F7-4668-BE54-9A1E7A4F7556}") = "PRN_SE1629_PRODUCT_MANAGER", "PRN_SE1629_PRODUCT_MANAGER\PRN_SE1629_PRODUCT_MANAGER.csproj", "{AC4B9966-D43E-40D1-857B-D1A3C831443A}"
EndProject
Project("{9A19103F-16F7-4668-BE54-9A1E7A4F7556}") = "PRN_SE1629_LINQ", "PRN_SE1629_LINQ\PRN_SE1629_LINQ.csproj", "{2114DAFB-C834-4797-A6DA-FA9EFC862CEE}"
EndProject
Project("{9A19103F-16F7-4668-BE54-9A1E7A4F7556}") = "PRN_SE1629_THREADING", "PRN_SE1629_THREADING\PRN_SE1629_THREADING.csproj", "{4026ABF3-E870-4573-AD8F-829B4EAD71AA}"
EndProject
Project("{9A19103F-16F7-4668-BE54-9A1E7A4F7556}") = "MathLib", "MathLib\MathLib.csproj", "{0AF4DCB2-EAA1-4D24-9FD7-1507A2FA7E7D}"
EndProject
Project("{9A19103F-16F7-4668-BE54-9A1E7A4F7556}") = "PRN_SE1629_CONSUME_MATHLIB", "PRN_SE1629_CONSUME_MATHLIB\PRN_SE1629_CONSUME_MATHLIB.csproj", "{9C01CB1B-E81F-400C-9047-67EBEBB0B932}"
EndProject
Project("{9A19103F-16F7-4668-BE54-9A1E7A4F7556}") = "PRN_SE1629_FILESTREAM", "PRN_SE1629_FILESTREAM\PRN_SE1629_FILESTREAM.csproj", "{973C9B63-68B4-41AC-A097-67F7817C65A5}"
EndProject
Project("{9A19103F-16F7-4668-BE54-9A1E7A4F7556}") = "PRN_SE1629_WinFormsApp", "PRN_SE1629_WinFormsApp\PRN_SE1629_WinFormsApp.csproj", "{EDF89347-3F00-425D-9668-D9A8C05337FE}"
EndProject
Project("{9A19103F-16F7-4668-BE54-9A1E7A4F7556}") = "DemoProviderFactoryModel", "DemoProviderFactoryModel\DemoProviderFactoryModel.csproj", "{073ED751-66D5-4AFC-867A-3F64815E0B7B}"
EndProject
Project("{FAE04EC0-301F-11D3-BF4B-00C04F79EFBC}") = "DemoDatabaseFirst", "DemoDatabaseFirst\DemoDatabaseFirst.csproj", "{06C2E389-77FD-42CC-AE88-2C39DDEF702B}"
EndProject
Global
	GlobalSection(SolutionConfigurationPlatforms) = preSolution
		Debug|Any CPU = Debug|Any CPU
		Release|Any CPU = Release|Any CPU
	EndGlobalSection
	GlobalSection(ProjectConfigurationPlatforms) = postSolution
		{5443E803-9907-4A1E-8CA5-DA59665F4398}.Debug|Any CPU.ActiveCfg = Debug|Any CPU
		{5443E803-9907-4A1E-8CA5-DA59665F4398}.Debug|Any CPU.Build.0 = Debug|Any CPU
		{5443E803-9907-4A1E-8CA5-DA59665F4398}.Release|Any CPU.ActiveCfg = Release|Any CPU
		{5443E803-9907-4A1E-8CA5-DA59665F4398}.Release|Any CPU.Build.0 = Release|Any CPU
		{E9DFD44B-AABC-4633-A045-3073A02B4A00}.Debug|Any CPU.ActiveCfg = Debug|Any CPU
		{E9DFD44B-AABC-4633-A045-3073A02B4A00}.Debug|Any CPU.Build.0 = Debug|Any CPU
		{E9DFD44B-AABC-4633-A045-3073A02B4A00}.Release|Any CPU.ActiveCfg = Release|Any CPU
		{E9DFD44B-AABC-4633-A045-3073A02B4A00}.Release|Any CPU.Build.0 = Release|Any CPU
		{AC4B9966-D43E-40D1-857B-D1A3C831443A}.Debug|Any CPU.ActiveCfg = Debug|Any CPU
		{AC4B9966-D43E-40D1-857B-D1A3C831443A}.Debug|Any CPU.Build.0 = Debug|Any CPU
		{AC4B9966-D43E-40D1-857B-D1A3C831443A}.Release|Any CPU.ActiveCfg = Release|Any CPU
		{AC4B9966-D43E-40D1-857B-D1A3C831443A}.Release|Any CPU.Build.0 = Release|Any CPU
		{2114DAFB-C834-4797-A6DA-FA9EFC862CEE}.Debug|Any CPU.ActiveCfg = Debug|Any CPU
		{2114DAFB-C834-4797-A6DA-FA9EFC862CEE}.Debug|Any CPU.Build.0 = Debug|Any CPU
		{2114DAFB-C834-4797-A6DA-FA9EFC862CEE}.Release|Any CPU.ActiveCfg = Release|Any CPU
		{2114DAFB-C834-4797-A6DA-FA9EFC862CEE}.Release|Any CPU.Build.0 = Release|Any CPU
		{4026ABF3-E870-4573-AD8F-829B4EAD71AA}.Debug|Any CPU.ActiveCfg = Debug|Any CPU
		{4026ABF3-E870-4573-AD8F-829B4EAD71AA}.Debug|Any CPU.Build.0 = Debug|Any CPU
		{4026ABF3-E870-4573-AD8F-829B4EAD71AA}.Release|Any CPU.ActiveCfg = Release|Any CPU
		{4026ABF3-E870-4573-AD8F-829B4EAD71AA}.Release|Any CPU.Build.0 = Release|Any CPU
		{0AF4DCB2-EAA1-4D24-9FD7-1507A2FA7E7D}.Debug|Any CPU.ActiveCfg = Debug|Any CPU
		{0AF4DCB2-EAA1-4D24-9FD7-1507A2FA7E7D}.Debug|Any CPU.Build.0 = Debug|Any CPU
		{0AF4DCB2-EAA1-4D24-9FD7-1507A2FA7E7D}.Release|Any CPU.ActiveCfg = Release|Any CPU
		{0AF4DCB2-EAA1-4D24-9FD7-1507A2FA7E7D}.Release|Any CPU.Build.0 = Release|Any CPU
		{9C01CB1B-E81F-400C-9047-67EBEBB0B932}.Debug|Any CPU.ActiveCfg = Debug|Any CPU
		{9C01CB1B-E81F-400C-9047-67EBEBB0B932}.Debug|Any CPU.Build.0 = Debug|Any CPU
		{9C01CB1B-E81F-400C-9047-67EBEBB0B932}.Release|Any CPU.ActiveCfg = Release|Any CPU
		{9C01CB1B-E81F-400C-9047-67EBEBB0B932}.Release|Any CPU.Build.0 = Release|Any CPU
		{973C9B63-68B4-41AC-A097-67F7817C65A5}.Debug|Any CPU.ActiveCfg = Debug|Any CPU
		{973C9B63-68B4-41AC-A097-67F7817C65A5}.Debug|Any CPU.Build.0 = Debug|Any CPU
		{973C9B63-68B4-41AC-A097-67F7817C65A5}.Release|Any CPU.ActiveCfg = Release|Any CPU
		{973C9B63-68B4-41AC-A097-67F7817C65A5}.Release|Any CPU.Build.0 = Release|Any CPU
		{EDF89347-3F00-425D-9668-D9A8C05337FE}.Debug|Any CPU.ActiveCfg = Debug|Any CPU
		{EDF89347-3F00-425D-9668-D9A8C05337FE}.Debug|Any CPU.Build.0 = Debug|Any CPU
		{EDF89347-3F00-425D-9668-D9A8C05337FE}.Release|Any CPU.ActiveCfg = Release|Any CPU
		{EDF89347-3F00-425D-9668-D9A8C05337FE}.Release|Any CPU.Build.0 = Release|Any CPU
		{073ED751-66D5-4AFC-867A-3F64815E0B7B}.Debug|Any CPU.ActiveCfg = Debug|Any CPU
		{073ED751-66D5-4AFC-867A-3F64815E0B7B}.Debug|Any CPU.Build.0 = Debug|Any CPU
		{073ED751-66D5-4AFC-867A-3F64815E0B7B}.Release|Any CPU.ActiveCfg = Release|Any CPU
		{073ED751-66D5-4AFC-867A-3F64815E0B7B}.Release|Any CPU.Build.0 = Release|Any CPU
		{06C2E389-77FD-42CC-AE88-2C39DDEF702B}.Debug|Any CPU.ActiveCfg = Debug|Any CPU
		{06C2E389-77FD-42CC-AE88-2C39DDEF702B}.Debug|Any CPU.Build.0 = Debug|Any CPU
		{06C2E389-77FD-42CC-AE88-2C39DDEF702B}.Release|Any CPU.ActiveCfg = Release|Any CPU
		{06C2E389-77FD-42CC-AE88-2C39DDEF702B}.Release|Any CPU.Build.0 = Release|Any CPU
	EndGlobalSection
	GlobalSection(SolutionProperties) = preSolution
		HideSolutionNode = FALSE
	EndGlobalSection
	GlobalSection(ExtensibilityGlobals) = postSolution
		SolutionGuid = {2B4142B4-C5D0-408C-BA3B-84C27834AFBA}
	EndGlobalSection
EndGlobal
